// !$*UTF8*$!
{
	archiveVersion = 1;
	classes = {
	};
	objectVersion = 46;
	objects = {

/* Begin PBXBuildFile section */
		B60E78DF18955A4D00009F85 /* Track_Repeat_Off.png in Resources */ = {isa = PBXBuildFile; fileRef = B60E78D518955A4D00009F85 /* Track_Repeat_Off.png */; };
		B60E78E018955A4D00009F85 /* Track_Repeat_Off@2x.png in Resources */ = {isa = PBXBuildFile; fileRef = B60E78D618955A4D00009F85 /* Track_Repeat_Off@2x.png */; };
		B60E78E118955A4D00009F85 /* Track_Repeat_On_Track.png in Resources */ = {isa = PBXBuildFile; fileRef = B60E78D718955A4D00009F85 /* Track_Repeat_On_Track.png */; };
		B60E78E218955A4D00009F85 /* Track_Repeat_On_Track@2x.png in Resources */ = {isa = PBXBuildFile; fileRef = B60E78D818955A4D00009F85 /* Track_Repeat_On_Track@2x.png */; };
		B60E78E318955A4D00009F85 /* Track_Repeat_On.png in Resources */ = {isa = PBXBuildFile; fileRef = B60E78D918955A4D00009F85 /* Track_Repeat_On.png */; };
		B60E78E418955A4D00009F85 /* Track_Repeat_On@2x.png in Resources */ = {isa = PBXBuildFile; fileRef = B60E78DA18955A4D00009F85 /* Track_Repeat_On@2x.png */; };
		B60E78E518955A4D00009F85 /* Track_Shuffle_Off.png in Resources */ = {isa = PBXBuildFile; fileRef = B60E78DB18955A4D00009F85 /* Track_Shuffle_Off.png */; };
		B60E78E618955A4D00009F85 /* Track_Shuffle_Off@2x.png in Resources */ = {isa = PBXBuildFile; fileRef = B60E78DC18955A4D00009F85 /* Track_Shuffle_Off@2x.png */; };
		B60E78E718955A4D00009F85 /* Track_Shuffle_On.png in Resources */ = {isa = PBXBuildFile; fileRef = B60E78DD18955A4D00009F85 /* Track_Shuffle_On.png */; };
		B60E78E818955A4D00009F85 /* Track_Shuffle_On@2x.png in Resources */ = {isa = PBXBuildFile; fileRef = B60E78DE18955A4D00009F85 /* Track_Shuffle_On@2x.png */; };
		B61F2FDA188BBF41003F1011 /* albumart-cd.png in Resources */ = {isa = PBXBuildFile; fileRef = B61F2FD9188BBF41003F1011 /* albumart-cd.png */; };
		B61F2FDD188BC925003F1011 /* MusicCustomCell.m in Sources */ = {isa = PBXBuildFile; fileRef = B61F2FDC188BC925003F1011 /* MusicCustomCell.m */; };
		B61F2FE0188C0D9E003F1011 /* NSString+TimeToString.m in Sources */ = {isa = PBXBuildFile; fileRef = B61F2FDF188C0D9E003F1011 /* NSString+TimeToString.m */; };
		B61F301F188D5374003F1011 /* sliderhandle.png in Resources */ = {isa = PBXBuildFile; fileRef = B61F3019188D5374003F1011 /* sliderhandle.png */; };
		B61F3020188D5374003F1011 /* sliderhandle@2x.png in Resources */ = {isa = PBXBuildFile; fileRef = B61F301A188D5374003F1011 /* sliderhandle@2x.png */; };
		B61F3025188D5E82003F1011 /* slider_minimum.png in Resources */ = {isa = PBXBuildFile; fileRef = B61F3021188D5E82003F1011 /* slider_minimum.png */; };
		B61F3026188D5E82003F1011 /* slider_minimum@2x.png in Resources */ = {isa = PBXBuildFile; fileRef = B61F3022188D5E82003F1011 /* slider_minimum@2x.png */; };
		B61F3027188D5E82003F1011 /* slider_maximum@2x.png in Resources */ = {isa = PBXBuildFile; fileRef = B61F3023188D5E82003F1011 /* slider_maximum@2x.png */; };
		B61F3028188D5E82003F1011 /* slider_maximum.png in Resources */ = {isa = PBXBuildFile; fileRef = B61F3024188D5E82003F1011 /* slider_maximum.png */; };
		B6337C8318A7672100FDA7C7 /* ss.png in Resources */ = {isa = PBXBuildFile; fileRef = B6337C8218A7672100FDA7C7 /* ss.png */; };
		B6337C8518A7697F00FDA7C7 /* white.png in Resources */ = {isa = PBXBuildFile; fileRef = B6337C8418A7697F00FDA7C7 /* white.png */; };
		B6337C8B18A76F5F00FDA7C7 /* placeholder.png in Resources */ = {isa = PBXBuildFile; fileRef = B6337C8A18A76F5F00FDA7C7 /* placeholder.png */; };
		B63BC1071882DC7D001CE891 /* Foundation.framework in Frameworks */ = {isa = PBXBuildFile; fileRef = B63BC1061882DC7D001CE891 /* Foundation.framework */; };
		B63BC1091882DC7D001CE891 /* CoreGraphics.framework in Frameworks */ = {isa = PBXBuildFile; fileRef = B63BC1081882DC7D001CE891 /* CoreGraphics.framework */; };
		B63BC10B1882DC7D001CE891 /* UIKit.framework in Frameworks */ = {isa = PBXBuildFile; fileRef = B63BC10A1882DC7D001CE891 /* UIKit.framework */; };
		B63BC1111882DC7D001CE891 /* InfoPlist.strings in Resources */ = {isa = PBXBuildFile; fileRef = B63BC10F1882DC7D001CE891 /* InfoPlist.strings */; };
		B63BC1131882DC7D001CE891 /* main.m in Sources */ = {isa = PBXBuildFile; fileRef = B63BC1121882DC7D001CE891 /* main.m */; };
		B63BC1171882DC7D001CE891 /* AppDelegate.m in Sources */ = {isa = PBXBuildFile; fileRef = B63BC1161882DC7D001CE891 /* AppDelegate.m */; };
		B63BC1191882DC7D001CE891 /* Images.xcassets in Resources */ = {isa = PBXBuildFile; fileRef = B63BC1181882DC7D001CE891 /* Images.xcassets */; };
		B63BC1201882DC7D001CE891 /* XCTest.framework in Frameworks */ = {isa = PBXBuildFile; fileRef = B63BC11F1882DC7D001CE891 /* XCTest.framework */; };
		B63BC1211882DC7D001CE891 /* Foundation.framework in Frameworks */ = {isa = PBXBuildFile; fileRef = B63BC1061882DC7D001CE891 /* Foundation.framework */; };
		B63BC1221882DC7D001CE891 /* UIKit.framework in Frameworks */ = {isa = PBXBuildFile; fileRef = B63BC10A1882DC7D001CE891 /* UIKit.framework */; };
		B67774031886C4AE002E7C18 /* ViewController.m in Sources */ = {isa = PBXBuildFile; fileRef = B67774011886C4AE002E7C18 /* ViewController.m */; };
		B67774041886C4AE002E7C18 /* ViewController.xib in Resources */ = {isa = PBXBuildFile; fileRef = B67774021886C4AE002E7C18 /* ViewController.xib */; };
		B677740C1886CABE002E7C18 /* PlayerViewController.m in Sources */ = {isa = PBXBuildFile; fileRef = B677740A1886CABE002E7C18 /* PlayerViewController.m */; };
		B677740D1886CABE002E7C18 /* PlayerViewController.xib in Resources */ = {isa = PBXBuildFile; fileRef = B677740B1886CABE002E7C18 /* PlayerViewController.xib */; };
		B67774101886CCBA002E7C18 /* reveal-icon.png in Resources */ = {isa = PBXBuildFile; fileRef = B677740E1886CCBA002E7C18 /* reveal-icon.png */; };
		B67774111886CCBA002E7C18 /* reveal-icon@2x.png in Resources */ = {isa = PBXBuildFile; fileRef = B677740F1886CCBA002E7C18 /* reveal-icon@2x.png */; };
		B67774131886D6B9002E7C18 /* bundle1.o in Frameworks */ = {isa = PBXBuildFile; fileRef = B67774121886D6B9002E7C18 /* bundle1.o */; };
		B67774151886D6CC002E7C18 /* MediaPlayer.framework in Frameworks */ = {isa = PBXBuildFile; fileRef = B67774141886D6CC002E7C18 /* MediaPlayer.framework */; };
		B67774171886D6F4002E7C18 /* CoreMedia.framework in Frameworks */ = {isa = PBXBuildFile; fileRef = B67774161886D6F4002E7C18 /* CoreMedia.framework */; };
		B67774191886D713002E7C18 /* AudioToolbox.framework in Frameworks */ = {isa = PBXBuildFile; fileRef = B67774181886D713002E7C18 /* AudioToolbox.framework */; };
		B677741B1886D720002E7C18 /* AVFoundation.framework in Frameworks */ = {isa = PBXBuildFile; fileRef = B677741A1886D720002E7C18 /* AVFoundation.framework */; };
		B67F79C0189E122400B159B4 /* Localizable.strings(englist) in Resources */ = {isa = PBXBuildFile; fileRef = B67F79BF189E122400B159B4 /* Localizable.strings(englist) */; };
		B67F79C2189E126C00B159B4 /* Localizable.strings(chinese) in Resources */ = {isa = PBXBuildFile; fileRef = B67F79C1189E126C00B159B4 /* Localizable.strings(chinese) */; };
		B6CE742118A1FB3700EFB3DF /* CoreMotion.framework in Frameworks */ = {isa = PBXBuildFile; fileRef = B6CE742018A1FB3700EFB3DF /* CoreMotion.framework */; };
		B6CE742518A2139B00EFB3DF /* CBAutoScrollLabel.m in Sources */ = {isa = PBXBuildFile; fileRef = B6CE742418A2139B00EFB3DF /* CBAutoScrollLabel.m */; };
		B6CE742918A2210800EFB3DF /* TipsViewController.m in Sources */ = {isa = PBXBuildFile; fileRef = B6CE742718A2210800EFB3DF /* TipsViewController.m */; };
		B6CE742A18A2210800EFB3DF /* TipsViewController.xib in Resources */ = {isa = PBXBuildFile; fileRef = B6CE742818A2210800EFB3DF /* TipsViewController.xib */; };
		B6CE743018A2258000EFB3DF /* FTCoreTextStyle.m in Sources */ = {isa = PBXBuildFile; fileRef = B6CE742D18A2258000EFB3DF /* FTCoreTextStyle.m */; };
		B6CE743118A2258000EFB3DF /* FTCoreTextView.m in Sources */ = {isa = PBXBuildFile; fileRef = B6CE742F18A2258000EFB3DF /* FTCoreTextView.m */; };
		B6CE743518A22FB400EFB3DF /* CoreText.framework in Frameworks */ = {isa = PBXBuildFile; fileRef = B6CE743418A22FB400EFB3DF /* CoreText.framework */; };
		B6CE744718A2310600EFB3DF /* tips.txt in Resources */ = {isa = PBXBuildFile; fileRef = B6CE743F18A2310600EFB3DF /* tips.txt */; };
		B6CE744B18A2315E00EFB3DF /* QuartzCore.framework in Frameworks */ = {isa = PBXBuildFile; fileRef = B6CE744A18A2315E00EFB3DF /* QuartzCore.framework */; };
/* End PBXBuildFile section */

/* Begin PBXContainerItemProxy section */
		B63BC1231882DC7D001CE891 /* PBXContainerItemProxy */ = {
			isa = PBXContainerItemProxy;
			containerPortal = B63BC0FB1882DC7D001CE891 /* Project object */;
			proxyType = 1;
			remoteGlobalIDString = B63BC1021882DC7D001CE891;
			remoteInfo = FlMusic;
		};
/* End PBXContainerItemProxy section */

/* Begin PBXFileReference section */
		B60E78D518955A4D00009F85 /* Track_Repeat_Off.png */ = {isa = PBXFileReference; lastKnownFileType = image.png; path = Track_Repeat_Off.png; sourceTree = "<group>"; };
		B60E78D618955A4D00009F85 /* Track_Repeat_Off@2x.png */ = {isa = PBXFileReference; lastKnownFileType = image.png; path = "Track_Repeat_Off@2x.png"; sourceTree = "<group>"; };
		B60E78D718955A4D00009F85 /* Track_Repeat_On_Track.png */ = {isa = PBXFileReference; lastKnownFileType = image.png; path = Track_Repeat_On_Track.png; sourceTree = "<group>"; };
		B60E78D818955A4D00009F85 /* Track_Repeat_On_Track@2x.png */ = {isa = PBXFileReference; lastKnownFileType = image.png; path = "Track_Repeat_On_Track@2x.png"; sourceTree = "<group>"; };
		B60E78D918955A4D00009F85 /* Track_Repeat_On.png */ = {isa = PBXFileReference; lastKnownFileType = image.png; path = Track_Repeat_On.png; sourceTree = "<group>"; };
		B60E78DA18955A4D00009F85 /* Track_Repeat_On@2x.png */ = {isa = PBXFileReference; lastKnownFileType = image.png; path = "Track_Repeat_On@2x.png"; sourceTree = "<group>"; };
		B60E78DB18955A4D00009F85 /* Track_Shuffle_Off.png */ = {isa = PBXFileReference; lastKnownFileType = image.png; path = Track_Shuffle_Off.png; sourceTree = "<group>"; };
		B60E78DC18955A4D00009F85 /* Track_Shuffle_Off@2x.png */ = {isa = PBXFileReference; lastKnownFileType = image.png; path = "Track_Shuffle_Off@2x.png"; sourceTree = "<group>"; };
		B60E78DD18955A4D00009F85 /* Track_Shuffle_On.png */ = {isa = PBXFileReference; lastKnownFileType = image.png; path = Track_Shuffle_On.png; sourceTree = "<group>"; };
		B60E78DE18955A4D00009F85 /* Track_Shuffle_On@2x.png */ = {isa = PBXFileReference; lastKnownFileType = image.png; path = "Track_Shuffle_On@2x.png"; sourceTree = "<group>"; };
		B61F2FD9188BBF41003F1011 /* albumart-cd.png */ = {isa = PBXFileReference; lastKnownFileType = image.png; path = "albumart-cd.png"; sourceTree = "<group>"; };
		B61F2FDB188BC925003F1011 /* MusicCustomCell.h */ = {isa = PBXFileReference; fileEncoding = 4; lastKnownFileType = sourcecode.c.h; path = MusicCustomCell.h; sourceTree = "<group>"; };
		B61F2FDC188BC925003F1011 /* MusicCustomCell.m */ = {isa = PBXFileReference; fileEncoding = 4; lastKnownFileType = sourcecode.c.objc; path = MusicCustomCell.m; sourceTree = "<group>"; };
		B61F2FDE188C0D9E003F1011 /* NSString+TimeToString.h */ = {isa = PBXFileReference; fileEncoding = 4; lastKnownFileType = sourcecode.c.h; path = "NSString+TimeToString.h"; sourceTree = "<group>"; };
		B61F2FDF188C0D9E003F1011 /* NSString+TimeToString.m */ = {isa = PBXFileReference; fileEncoding = 4; lastKnownFileType = sourcecode.c.objc; path = "NSString+TimeToString.m"; sourceTree = "<group>"; };
		B61F3019188D5374003F1011 /* sliderhandle.png */ = {isa = PBXFileReference; lastKnownFileType = image.png; path = sliderhandle.png; sourceTree = "<group>"; };
		B61F301A188D5374003F1011 /* sliderhandle@2x.png */ = {isa = PBXFileReference; lastKnownFileType = image.png; path = "sliderhandle@2x.png"; sourceTree = "<group>"; };
		B61F3021188D5E82003F1011 /* slider_minimum.png */ = {isa = PBXFileReference; lastKnownFileType = image.png; path = slider_minimum.png; sourceTree = "<group>"; };
		B61F3022188D5E82003F1011 /* slider_minimum@2x.png */ = {isa = PBXFileReference; lastKnownFileType = image.png; path = "slider_minimum@2x.png"; sourceTree = "<group>"; };
		B61F3023188D5E82003F1011 /* slider_maximum@2x.png */ = {isa = PBXFileReference; lastKnownFileType = image.png; path = "slider_maximum@2x.png"; sourceTree = "<group>"; };
		B61F3024188D5E82003F1011 /* slider_maximum.png */ = {isa = PBXFileReference; lastKnownFileType = image.png; path = slider_maximum.png; sourceTree = "<group>"; };
		B6337C8218A7672100FDA7C7 /* ss.png */ = {isa = PBXFileReference; lastKnownFileType = image.png; path = ss.png; sourceTree = "<group>"; };
		B6337C8418A7697F00FDA7C7 /* white.png */ = {isa = PBXFileReference; lastKnownFileType = image.png; path = white.png; sourceTree = "<group>"; };
		B6337C8A18A76F5F00FDA7C7 /* placeholder.png */ = {isa = PBXFileReference; lastKnownFileType = image.png; path = placeholder.png; sourceTree = "<group>"; };
		B63BC1031882DC7D001CE891 /* FlMusic.app */ = {isa = PBXFileReference; explicitFileType = wrapper.application; includeInIndex = 0; path = FlMusic.app; sourceTree = BUILT_PRODUCTS_DIR; };
		B63BC1061882DC7D001CE891 /* Foundation.framework */ = {isa = PBXFileReference; lastKnownFileType = wrapper.framework; name = Foundation.framework; path = System/Library/Frameworks/Foundation.framework; sourceTree = SDKROOT; };
		B63BC1081882DC7D001CE891 /* CoreGraphics.framework */ = {isa = PBXFileReference; lastKnownFileType = wrapper.framework; name = CoreGraphics.framework; path = System/Library/Frameworks/CoreGraphics.framework; sourceTree = SDKROOT; };
		B63BC10A1882DC7D001CE891 /* UIKit.framework */ = {isa = PBXFileReference; lastKnownFileType = wrapper.framework; name = UIKit.framework; path = System/Library/Frameworks/UIKit.framework; sourceTree = SDKROOT; };
		B63BC10E1882DC7D001CE891 /* FlMusic-Info.plist */ = {isa = PBXFileReference; lastKnownFileType = text.plist.xml; path = "FlMusic-Info.plist"; sourceTree = "<group>"; };
		B63BC1101882DC7D001CE891 /* en */ = {isa = PBXFileReference; lastKnownFileType = text.plist.strings; name = en; path = en.lproj/InfoPlist.strings; sourceTree = "<group>"; };
		B63BC1121882DC7D001CE891 /* main.m */ = {isa = PBXFileReference; lastKnownFileType = sourcecode.c.objc; path = main.m; sourceTree = "<group>"; };
		B63BC1141882DC7D001CE891 /* FlMusic-Prefix.pch */ = {isa = PBXFileReference; lastKnownFileType = sourcecode.c.h; path = "FlMusic-Prefix.pch"; sourceTree = "<group>"; };
		B63BC1151882DC7D001CE891 /* AppDelegate.h */ = {isa = PBXFileReference; lastKnownFileType = sourcecode.c.h; path = AppDelegate.h; sourceTree = "<group>"; };
		B63BC1161882DC7D001CE891 /* AppDelegate.m */ = {isa = PBXFileReference; lastKnownFileType = sourcecode.c.objc; path = AppDelegate.m; sourceTree = "<group>"; };
		B63BC1181882DC7D001CE891 /* Images.xcassets */ = {isa = PBXFileReference; lastKnownFileType = folder.assetcatalog; path = Images.xcassets; sourceTree = "<group>"; };
		B63BC11E1882DC7D001CE891 /* FlMusicTests.xctest */ = {isa = PBXFileReference; explicitFileType = wrapper.cfbundle; includeInIndex = 0; path = FlMusicTests.xctest; sourceTree = BUILT_PRODUCTS_DIR; };
		B63BC11F1882DC7D001CE891 /* XCTest.framework */ = {isa = PBXFileReference; lastKnownFileType = wrapper.framework; name = XCTest.framework; path = Library/Frameworks/XCTest.framework; sourceTree = DEVELOPER_DIR; };
		B67774001886C4AD002E7C18 /* ViewController.h */ = {isa = PBXFileReference; fileEncoding = 4; lastKnownFileType = sourcecode.c.h; name = ViewController.h; path = ../ViewController.h; sourceTree = "<group>"; };
		B67774011886C4AE002E7C18 /* ViewController.m */ = {isa = PBXFileReference; fileEncoding = 4; lastKnownFileType = sourcecode.c.objc; name = ViewController.m; path = ../ViewController.m; sourceTree = "<group>"; };
		B67774021886C4AE002E7C18 /* ViewController.xib */ = {isa = PBXFileReference; fileEncoding = 4; lastKnownFileType = file.xib; name = ViewController.xib; path = ../ViewController.xib; sourceTree = "<group>"; };
		B67774091886CABE002E7C18 /* PlayerViewController.h */ = {isa = PBXFileReference; fileEncoding = 4; lastKnownFileType = sourcecode.c.h; path = PlayerViewController.h; sourceTree = "<group>"; };
		B677740A1886CABE002E7C18 /* PlayerViewController.m */ = {isa = PBXFileReference; fileEncoding = 4; lastKnownFileType = sourcecode.c.objc; path = PlayerViewController.m; sourceTree = "<group>"; };
		B677740B1886CABE002E7C18 /* PlayerViewController.xib */ = {isa = PBXFileReference; fileEncoding = 4; lastKnownFileType = file.xib; path = PlayerViewController.xib; sourceTree = "<group>"; };
		B677740E1886CCBA002E7C18 /* reveal-icon.png */ = {isa = PBXFileReference; lastKnownFileType = image.png; path = "reveal-icon.png"; sourceTree = "<group>"; };
		B677740F1886CCBA002E7C18 /* reveal-icon@2x.png */ = {isa = PBXFileReference; lastKnownFileType = image.png; path = "reveal-icon@2x.png"; sourceTree = "<group>"; };
		B67774121886D6B9002E7C18 /* bundle1.o */ = {isa = PBXFileReference; lastKnownFileType = "compiled.mach-o.objfile"; name = bundle1.o; path = usr/lib/bundle1.o; sourceTree = SDKROOT; };
		B67774141886D6CC002E7C18 /* MediaPlayer.framework */ = {isa = PBXFileReference; lastKnownFileType = wrapper.framework; name = MediaPlayer.framework; path = System/Library/Frameworks/MediaPlayer.framework; sourceTree = SDKROOT; };
		B67774161886D6F4002E7C18 /* CoreMedia.framework */ = {isa = PBXFileReference; lastKnownFileType = wrapper.framework; name = CoreMedia.framework; path = System/Library/Frameworks/CoreMedia.framework; sourceTree = SDKROOT; };
		B67774181886D713002E7C18 /* AudioToolbox.framework */ = {isa = PBXFileReference; lastKnownFileType = wrapper.framework; name = AudioToolbox.framework; path = System/Library/Frameworks/AudioToolbox.framework; sourceTree = SDKROOT; };
		B677741A1886D720002E7C18 /* AVFoundation.framework */ = {isa = PBXFileReference; lastKnownFileType = wrapper.framework; name = AVFoundation.framework; path = System/Library/Frameworks/AVFoundation.framework; sourceTree = SDKROOT; };
		B67F79BF189E122400B159B4 /* Localizable.strings(englist) */ = {isa = PBXFileReference; fileEncoding = 4; lastKnownFileType = text; path = "Localizable.strings(englist)"; sourceTree = "<group>"; };
		B67F79C1189E126C00B159B4 /* Localizable.strings(chinese) */ = {isa = PBXFileReference; fileEncoding = 4; lastKnownFileType = text; path = "Localizable.strings(chinese)"; sourceTree = "<group>"; };
		B6CE742018A1FB3700EFB3DF /* CoreMotion.framework */ = {isa = PBXFileReference; lastKnownFileType = wrapper.framework; name = CoreMotion.framework; path = System/Library/Frameworks/CoreMotion.framework; sourceTree = SDKROOT; };
		B6CE742318A2139B00EFB3DF /* CBAutoScrollLabel.h */ = {isa = PBXFileReference; fileEncoding = 4; lastKnownFileType = sourcecode.c.h; path = CBAutoScrollLabel.h; sourceTree = "<group>"; };
		B6CE742418A2139B00EFB3DF /* CBAutoScrollLabel.m */ = {isa = PBXFileReference; fileEncoding = 4; lastKnownFileType = sourcecode.c.objc; path = CBAutoScrollLabel.m; sourceTree = "<group>"; };
		B6CE742618A2210800EFB3DF /* TipsViewController.h */ = {isa = PBXFileReference; fileEncoding = 4; lastKnownFileType = sourcecode.c.h; path = TipsViewController.h; sourceTree = "<group>"; };
		B6CE742718A2210800EFB3DF /* TipsViewController.m */ = {isa = PBXFileReference; fileEncoding = 4; lastKnownFileType = sourcecode.c.objc; path = TipsViewController.m; sourceTree = "<group>"; };
		B6CE742818A2210800EFB3DF /* TipsViewController.xib */ = {isa = PBXFileReference; fileEncoding = 4; lastKnownFileType = file.xib; path = TipsViewController.xib; sourceTree = "<group>"; };
		B6CE742C18A2258000EFB3DF /* FTCoreTextStyle.h */ = {isa = PBXFileReference; fileEncoding = 4; lastKnownFileType = sourcecode.c.h; path = FTCoreTextStyle.h; sourceTree = "<group>"; };
		B6CE742D18A2258000EFB3DF /* FTCoreTextStyle.m */ = {isa = PBXFileReference; fileEncoding = 4; lastKnownFileType = sourcecode.c.objc; path = FTCoreTextStyle.m; sourceTree = "<group>"; };
		B6CE742E18A2258000EFB3DF /* FTCoreTextView.h */ = {isa = PBXFileReference; fileEncoding = 4; lastKnownFileType = sourcecode.c.h; path = FTCoreTextView.h; sourceTree = "<group>"; };
		B6CE742F18A2258000EFB3DF /* FTCoreTextView.m */ = {isa = PBXFileReference; fileEncoding = 4; lastKnownFileType = sourcecode.c.objc; path = FTCoreTextView.m; sourceTree = "<group>"; };
		B6CE743418A22FB400EFB3DF /* CoreText.framework */ = {isa = PBXFileReference; lastKnownFileType = wrapper.framework; name = CoreText.framework; path = System/Library/Frameworks/CoreText.framework; sourceTree = SDKROOT; };
		B6CE743F18A2310600EFB3DF /* tips.txt */ = {isa = PBXFileReference; fileEncoding = 4; lastKnownFileType = text; path = tips.txt; sourceTree = "<group>"; };
		B6CE744A18A2315E00EFB3DF /* QuartzCore.framework */ = {isa = PBXFileReference; lastKnownFileType = wrapper.framework; name = QuartzCore.framework; path = System/Library/Frameworks/QuartzCore.framework; sourceTree = SDKROOT; };
/* End PBXFileReference section */

/* Begin PBXFrameworksBuildPhase section */
		B63BC1001882DC7D001CE891 /* Frameworks */ = {
			isa = PBXFrameworksBuildPhase;
			buildActionMask = 2147483647;
			files = (
				B6CE744B18A2315E00EFB3DF /* QuartzCore.framework in Frameworks */,
				B6CE743518A22FB400EFB3DF /* CoreText.framework in Frameworks */,
				B6CE742118A1FB3700EFB3DF /* CoreMotion.framework in Frameworks */,
				B677741B1886D720002E7C18 /* AVFoundation.framework in Frameworks */,
				B67774191886D713002E7C18 /* AudioToolbox.framework in Frameworks */,
				B67774171886D6F4002E7C18 /* CoreMedia.framework in Frameworks */,
				B67774151886D6CC002E7C18 /* MediaPlayer.framework in Frameworks */,
				B67774131886D6B9002E7C18 /* bundle1.o in Frameworks */,
				B63BC1091882DC7D001CE891 /* CoreGraphics.framework in Frameworks */,
				B63BC10B1882DC7D001CE891 /* UIKit.framework in Frameworks */,
				B63BC1071882DC7D001CE891 /* Foundation.framework in Frameworks */,
			);
			runOnlyForDeploymentPostprocessing = 0;
		};
		B63BC11B1882DC7D001CE891 /* Frameworks */ = {
			isa = PBXFrameworksBuildPhase;
			buildActionMask = 2147483647;
			files = (
				B63BC1201882DC7D001CE891 /* XCTest.framework in Frameworks */,
				B63BC1221882DC7D001CE891 /* UIKit.framework in Frameworks */,
				B63BC1211882DC7D001CE891 /* Foundation.framework in Frameworks */,
			);
			runOnlyForDeploymentPostprocessing = 0;
		};
/* End PBXFrameworksBuildPhase section */

/* Begin PBXGroup section */
		B63BC0FA1882DC7D001CE891 = {
			isa = PBXGroup;
			children = (
				B63BC10C1882DC7D001CE891 /* FlMusic */,
				B63BC1051882DC7D001CE891 /* Frameworks */,
				B63BC1041882DC7D001CE891 /* Products */,
			);
			sourceTree = "<group>";
		};
		B63BC1041882DC7D001CE891 /* Products */ = {
			isa = PBXGroup;
			children = (
				B63BC1031882DC7D001CE891 /* FlMusic.app */,
				B63BC11E1882DC7D001CE891 /* FlMusicTests.xctest */,
			);
			name = Products;
			sourceTree = "<group>";
		};
		B63BC1051882DC7D001CE891 /* Frameworks */ = {
			isa = PBXGroup;
			children = (
				B6CE744A18A2315E00EFB3DF /* QuartzCore.framework */,
				B6CE743418A22FB400EFB3DF /* CoreText.framework */,
				B6CE742018A1FB3700EFB3DF /* CoreMotion.framework */,
				B677741A1886D720002E7C18 /* AVFoundation.framework */,
				B67774181886D713002E7C18 /* AudioToolbox.framework */,
				B67774161886D6F4002E7C18 /* CoreMedia.framework */,
				B67774141886D6CC002E7C18 /* MediaPlayer.framework */,
				B67774121886D6B9002E7C18 /* bundle1.o */,
				B63BC1061882DC7D001CE891 /* Foundation.framework */,
				B63BC1081882DC7D001CE891 /* CoreGraphics.framework */,
				B63BC10A1882DC7D001CE891 /* UIKit.framework */,
				B63BC11F1882DC7D001CE891 /* XCTest.framework */,
			);
			name = Frameworks;
			sourceTree = "<group>";
		};
		B63BC10C1882DC7D001CE891 /* FlMusic */ = {
			isa = PBXGroup;
			children = (
				B6CE742218A2139B00EFB3DF /* CBAutoScrollLabel */,
				B67774091886CABE002E7C18 /* PlayerViewController.h */,
				B6CE742B18A2258000EFB3DF /* FTCoreText */,
				B677740A1886CABE002E7C18 /* PlayerViewController.m */,
				B677740B1886CABE002E7C18 /* PlayerViewController.xib */,
				B67774001886C4AD002E7C18 /* ViewController.h */,
				B67774011886C4AE002E7C18 /* ViewController.m */,
				B61F2FDE188C0D9E003F1011 /* NSString+TimeToString.h */,
				B61F2FDF188C0D9E003F1011 /* NSString+TimeToString.m */,
				B67774021886C4AE002E7C18 /* ViewController.xib */,
				B61F2FDB188BC925003F1011 /* MusicCustomCell.h */,
				B61F2FDC188BC925003F1011 /* MusicCustomCell.m */,
				B63BC1151882DC7D001CE891 /* AppDelegate.h */,
				B63BC1161882DC7D001CE891 /* AppDelegate.m */,
				B6CE742618A2210800EFB3DF /* TipsViewController.h */,
				B6CE742718A2210800EFB3DF /* TipsViewController.m */,
				B6CE743618A2310600EFB3DF /* Resources */,
				B6CE742818A2210800EFB3DF /* TipsViewController.xib */,
				B63BC1181882DC7D001CE891 /* Images.xcassets */,
				B63BC10D1882DC7D001CE891 /* Supporting Files */,
			);
			path = FlMusic;
			sourceTree = "<group>";
		};
		B63BC10D1882DC7D001CE891 /* Supporting Files */ = {
			isa = PBXGroup;
			children = (
				B61F3019188D5374003F1011 /* sliderhandle.png */,
				B6337C8218A7672100FDA7C7 /* ss.png */,
				B67F79C1189E126C00B159B4 /* Localizable.strings(chinese) */,
				B61F301A188D5374003F1011 /* sliderhandle@2x.png */,
				B6337C8A18A76F5F00FDA7C7 /* placeholder.png */,
				B60E78D518955A4D00009F85 /* Track_Repeat_Off.png */,
				B60E78D618955A4D00009F85 /* Track_Repeat_Off@2x.png */,
				B67F79BF189E122400B159B4 /* Localizable.strings(englist) */,
				B60E78D718955A4D00009F85 /* Track_Repeat_On_Track.png */,
				B60E78D818955A4D00009F85 /* Track_Repeat_On_Track@2x.png */,
				B60E78D918955A4D00009F85 /* Track_Repeat_On.png */,
				B60E78DA18955A4D00009F85 /* Track_Repeat_On@2x.png */,
				B6337C8418A7697F00FDA7C7 /* white.png */,
				B60E78DB18955A4D00009F85 /* Track_Shuffle_Off.png */,
				B60E78DC18955A4D00009F85 /* Track_Shuffle_Off@2x.png */,
				B60E78DD18955A4D00009F85 /* Track_Shuffle_On.png */,
				B60E78DE18955A4D00009F85 /* Track_Shuffle_On@2x.png */,
				B677740E1886CCBA002E7C18 /* reveal-icon.png */,
				B61F3021188D5E82003F1011 /* slider_minimum.png */,
				B61F3022188D5E82003F1011 /* slider_minimum@2x.png */,
				B61F3023188D5E82003F1011 /* slider_maximum@2x.png */,
				B61F3024188D5E82003F1011 /* slider_maximum.png */,
				B61F2FD9188BBF41003F1011 /* albumart-cd.png */,
				B677740F1886CCBA002E7C18 /* reveal-icon@2x.png */,
				B63BC10E1882DC7D001CE891 /* FlMusic-Info.plist */,
				B63BC10F1882DC7D001CE891 /* InfoPlist.strings */,
				B63BC1121882DC7D001CE891 /* main.m */,
				B63BC1141882DC7D001CE891 /* FlMusic-Prefix.pch */,
			);
			name = "Supporting Files";
			sourceTree = "<group>";
		};
		B6CE742218A2139B00EFB3DF /* CBAutoScrollLabel */ = {
			isa = PBXGroup;
			children = (
				B6CE742318A2139B00EFB3DF /* CBAutoScrollLabel.h */,
				B6CE742418A2139B00EFB3DF /* CBAutoScrollLabel.m */,
			);
			path = CBAutoScrollLabel;
			sourceTree = "<group>";
		};
		B6CE742B18A2258000EFB3DF /* FTCoreText */ = {
			isa = PBXGroup;
			children = (
				B6CE742C18A2258000EFB3DF /* FTCoreTextStyle.h */,
				B6CE742D18A2258000EFB3DF /* FTCoreTextStyle.m */,
				B6CE742E18A2258000EFB3DF /* FTCoreTextView.h */,
				B6CE742F18A2258000EFB3DF /* FTCoreTextView.m */,
			);
			path = FTCoreText;
			sourceTree = "<group>";
		};
		B6CE743618A2310600EFB3DF /* Resources */ = {
			isa = PBXGroup;
			children = (
				B6CE743718A2310600EFB3DF /* Images */,
				B6CE743E18A2310600EFB3DF /* Texts */,
			);
			path = Resources;
			sourceTree = "<group>";
		};
		B6CE743718A2310600EFB3DF /* Images */ = {
			isa = PBXGroup;
			children = (
			);
			path = Images;
			sourceTree = "<group>";
		};
		B6CE743E18A2310600EFB3DF /* Texts */ = {
			isa = PBXGroup;
			children = (
				B6CE743F18A2310600EFB3DF /* tips.txt */,
			);
			path = Texts;
			sourceTree = "<group>";
		};
/* End PBXGroup section */

/* Begin PBXNativeTarget section */
		B63BC1021882DC7D001CE891 /* FlMusic */ = {
			isa = PBXNativeTarget;
			buildConfigurationList = B63BC12F1882DC7D001CE891 /* Build configuration list for PBXNativeTarget "FlMusic" */;
			buildPhases = (
				B63BC0FF1882DC7D001CE891 /* Sources */,
				B63BC1001882DC7D001CE891 /* Frameworks */,
				B63BC1011882DC7D001CE891 /* Resources */,
			);
			buildRules = (
			);
			dependencies = (
			);
			name = FlMusic;
			productName = FlMusic;
			productReference = B63BC1031882DC7D001CE891 /* FlMusic.app */;
			productType = "com.apple.product-type.application";
		};
		B63BC11D1882DC7D001CE891 /* FlMusicTests */ = {
			isa = PBXNativeTarget;
			buildConfigurationList = B63BC1321882DC7D001CE891 /* Build configuration list for PBXNativeTarget "FlMusicTests" */;
			buildPhases = (
				B63BC11A1882DC7D001CE891 /* Sources */,
				B63BC11B1882DC7D001CE891 /* Frameworks */,
				B63BC11C1882DC7D001CE891 /* Resources */,
			);
			buildRules = (
			);
			dependencies = (
				B63BC1241882DC7D001CE891 /* PBXTargetDependency */,
			);
			name = FlMusicTests;
			productName = FlMusicTests;
			productReference = B63BC11E1882DC7D001CE891 /* FlMusicTests.xctest */;
			productType = "com.apple.product-type.bundle.unit-test";
		};
/* End PBXNativeTarget section */

/* Begin PBXProject section */
		B63BC0FB1882DC7D001CE891 /* Project object */ = {
			isa = PBXProject;
			attributes = {
				LastUpgradeCheck = 0500;
				ORGANIZATIONNAME = lanqy;
				TargetAttributes = {
					B63BC11D1882DC7D001CE891 = {
						TestTargetID = B63BC1021882DC7D001CE891;
					};
				};
			};
			buildConfigurationList = B63BC0FE1882DC7D001CE891 /* Build configuration list for PBXProject "FlMusic" */;
			compatibilityVersion = "Xcode 3.2";
			developmentRegion = English;
			hasScannedForEncodings = 0;
			knownRegions = (
				en,
				"zh-Hans",
			);
			mainGroup = B63BC0FA1882DC7D001CE891;
			productRefGroup = B63BC1041882DC7D001CE891 /* Products */;
			projectDirPath = "";
			projectRoot = "";
			targets = (
				B63BC1021882DC7D001CE891 /* FlMusic */,
				B63BC11D1882DC7D001CE891 /* FlMusicTests */,
			);
		};
/* End PBXProject section */

/* Begin PBXResourcesBuildPhase section */
		B63BC1011882DC7D001CE891 /* Resources */ = {
			isa = PBXResourcesBuildPhase;
			buildActionMask = 2147483647;
			files = (
				B61F3027188D5E82003F1011 /* slider_maximum@2x.png in Resources */,
				B63BC1111882DC7D001CE891 /* InfoPlist.strings in Resources */,
				B60E78E018955A4D00009F85 /* Track_Repeat_Off@2x.png in Resources */,
				B61F2FDA188BBF41003F1011 /* albumart-cd.png in Resources */,
				B60E78E418955A4D00009F85 /* Track_Repeat_On@2x.png in Resources */,
				B60E78E818955A4D00009F85 /* Track_Shuffle_On@2x.png in Resources */,
				B6CE742A18A2210800EFB3DF /* TipsViewController.xib in Resources */,
				B6337C8318A7672100FDA7C7 /* ss.png in Resources */,
				B6337C8518A7697F00FDA7C7 /* white.png in Resources */,
				B61F3025188D5E82003F1011 /* slider_minimum.png in Resources */,
				B677740D1886CABE002E7C18 /* PlayerViewController.xib in Resources */,
				B60E78E318955A4D00009F85 /* Track_Repeat_On.png in Resources */,
				B67774111886CCBA002E7C18 /* reveal-icon@2x.png in Resources */,
				B67774041886C4AE002E7C18 /* ViewController.xib in Resources */,
				B60E78E718955A4D00009F85 /* Track_Shuffle_On.png in Resources */,
				B61F3020188D5374003F1011 /* sliderhandle@2x.png in Resources */,
				B60E78E218955A4D00009F85 /* Track_Repeat_On_Track@2x.png in Resources */,
				B63BC1191882DC7D001CE891 /* Images.xcassets in Resources */,
				B67774101886CCBA002E7C18 /* reveal-icon.png in Resources */,
				B60E78E118955A4D00009F85 /* Track_Repeat_On_Track.png in Resources */,
				B61F3026188D5E82003F1011 /* slider_minimum@2x.png in Resources */,
				B61F3028188D5E82003F1011 /* slider_maximum.png in Resources */,
				B67F79C2189E126C00B159B4 /* Localizable.strings(chinese) in Resources */,
				B60E78E518955A4D00009F85 /* Track_Shuffle_Off.png in Resources */,
				B61F301F188D5374003F1011 /* sliderhandle.png in Resources */,
				B6CE744718A2310600EFB3DF /* tips.txt in Resources */,
				B6337C8B18A76F5F00FDA7C7 /* placeholder.png in Resources */,
				B67F79C0189E122400B159B4 /* Localizable.strings(englist) in Resources */,
				B60E78E618955A4D00009F85 /* Track_Shuffle_Off@2x.png in Resources */,
				B60E78DF18955A4D00009F85 /* Track_Repeat_Off.png in Resources */,
			);
			runOnlyForDeploymentPostprocessing = 0;
		};
		B63BC11C1882DC7D001CE891 /* Resources */ = {
			isa = PBXResourcesBuildPhase;
			buildActionMask = 2147483647;
			files = (
			);
			runOnlyForDeploymentPostprocessing = 0;
		};
/* End PBXResourcesBuildPhase section */

/* Begin PBXSourcesBuildPhase section */
		B63BC0FF1882DC7D001CE891 /* Sources */ = {
			isa = PBXSourcesBuildPhase;
			buildActionMask = 2147483647;
			files = (
				B6CE743118A2258000EFB3DF /* FTCoreTextView.m in Sources */,
				B67774031886C4AE002E7C18 /* ViewController.m in Sources */,
				B6CE743018A2258000EFB3DF /* FTCoreTextStyle.m in Sources */,
				B61F2FE0188C0D9E003F1011 /* NSString+TimeToString.m in Sources */,
				B63BC1171882DC7D001CE891 /* AppDelegate.m in Sources */,
				B61F2FDD188BC925003F1011 /* MusicCustomCell.m in Sources */,
				B6CE742518A2139B00EFB3DF /* CBAutoScrollLabel.m in Sources */,
				B63BC1131882DC7D001CE891 /* main.m in Sources */,
				B6CE742918A2210800EFB3DF /* TipsViewController.m in Sources */,
				B677740C1886CABE002E7C18 /* PlayerViewController.m in Sources */,
			);
			runOnlyForDeploymentPostprocessing = 0;
		};
		B63BC11A1882DC7D001CE891 /* Sources */ = {
			isa = PBXSourcesBuildPhase;
			buildActionMask = 2147483647;
			files = (
			);
			runOnlyForDeploymentPostprocessing = 0;
		};
/* End PBXSourcesBuildPhase section */

/* Begin PBXTargetDependency section */
		B63BC1241882DC7D001CE891 /* PBXTargetDependency */ = {
			isa = PBXTargetDependency;
			target = B63BC1021882DC7D001CE891 /* FlMusic */;
			targetProxy = B63BC1231882DC7D001CE891 /* PBXContainerItemProxy */;
		};
/* End PBXTargetDependency section */

/* Begin PBXVariantGroup section */
		B63BC10F1882DC7D001CE891 /* InfoPlist.strings */ = {
			isa = PBXVariantGroup;
			children = (
				B63BC1101882DC7D001CE891 /* en */,
			);
			name = InfoPlist.strings;
			sourceTree = "<group>";
		};
/* End PBXVariantGroup section */

/* Begin XCBuildConfiguration section */
		B63BC12D1882DC7D001CE891 /* Debug */ = {
			isa = XCBuildConfiguration;
			buildSettings = {
				ALWAYS_SEARCH_USER_PATHS = NO;
				ARCHS = "$(ARCHS_STANDARD_INCLUDING_64_BIT)";
				CLANG_CXX_LANGUAGE_STANDARD = "gnu++0x";
				CLANG_CXX_LIBRARY = "libc++";
				CLANG_ENABLE_MODULES = YES;
				CLANG_ENABLE_OBJC_ARC = YES;
				CLANG_WARN_BOOL_CONVERSION = YES;
				CLANG_WARN_CONSTANT_CONVERSION = YES;
				CLANG_WARN_DIRECT_OBJC_ISA_USAGE = YES_ERROR;
				CLANG_WARN_EMPTY_BODY = YES;
				CLANG_WARN_ENUM_CONVERSION = YES;
				CLANG_WARN_INT_CONVERSION = YES;
				CLANG_WARN_OBJC_ROOT_CLASS = YES_ERROR;
				CLANG_WARN__DUPLICATE_METHOD_MATCH = YES;
				"CODE_SIGN_IDENTITY[sdk=iphoneos*]" = "iPhone Developer";
				COPY_PHASE_STRIP = NO;
				GCC_C_LANGUAGE_STANDARD = gnu99;
				GCC_DYNAMIC_NO_PIC = NO;
				GCC_OPTIMIZATION_LEVEL = 0;
				GCC_PREPROCESSOR_DEFINITIONS = (
					"DEBUG=1",
					"$(inherited)",
				);
				GCC_SYMBOLS_PRIVATE_EXTERN = NO;
				GCC_WARN_64_TO_32_BIT_CONVERSION = YES;
				GCC_WARN_ABOUT_RETURN_TYPE = YES_ERROR;
				GCC_WARN_UNDECLARED_SELECTOR = YES;
				GCC_WARN_UNINITIALIZED_AUTOS = YES;
				GCC_WARN_UNUSED_FUNCTION = YES;
				GCC_WARN_UNUSED_VARIABLE = YES;
				IPHONEOS_DEPLOYMENT_TARGET = 7.0;
				ONLY_ACTIVE_ARCH = YES;
				SDKROOT = iphoneos;
			};
			name = Debug;
		};
		B63BC12E1882DC7D001CE891 /* Release */ = {
			isa = XCBuildConfiguration;
			buildSettings = {
				ALWAYS_SEARCH_USER_PATHS = NO;
				ARCHS = "$(ARCHS_STANDARD_INCLUDING_64_BIT)";
				CLANG_CXX_LANGUAGE_STANDARD = "gnu++0x";
				CLANG_CXX_LIBRARY = "libc++";
				CLANG_ENABLE_MODULES = YES;
				CLANG_ENABLE_OBJC_ARC = YES;
				CLANG_WARN_BOOL_CONVERSION = YES;
				CLANG_WARN_CONSTANT_CONVERSION = YES;
				CLANG_WARN_DIRECT_OBJC_ISA_USAGE = YES_ERROR;
				CLANG_WARN_EMPTY_BODY = YES;
				CLANG_WARN_ENUM_CONVERSION = YES;
				CLANG_WARN_INT_CONVERSION = YES;
				CLANG_WARN_OBJC_ROOT_CLASS = YES_ERROR;
				CLANG_WARN__DUPLICATE_METHOD_MATCH = YES;
				"CODE_SIGN_IDENTITY[sdk=iphoneos*]" = "iPhone Developer";
				COPY_PHASE_STRIP = YES;
				ENABLE_NS_ASSERTIONS = NO;
				GCC_C_LANGUAGE_STANDARD = gnu99;
				GCC_WARN_64_TO_32_BIT_CONVERSION = YES;
				GCC_WARN_ABOUT_RETURN_TYPE = YES_ERROR;
				GCC_WARN_UNDECLARED_SELECTOR = YES;
				GCC_WARN_UNINITIALIZED_AUTOS = YES;
				GCC_WARN_UNUSED_FUNCTION = YES;
				GCC_WARN_UNUSED_VARIABLE = YES;
				IPHONEOS_DEPLOYMENT_TARGET = 7.0;
				SDKROOT = iphoneos;
				VALIDATE_PRODUCT = YES;
			};
			name = Release;
		};
		B63BC1301882DC7D001CE891 /* Debug */ = {
			isa = XCBuildConfiguration;
			buildSettings = {
				ASSETCATALOG_COMPILER_APPICON_NAME = AppIcon;
				ASSETCATALOG_COMPILER_LAUNCHIMAGE_NAME = LaunchImage;
				GCC_PRECOMPILE_PREFIX_HEADER = YES;
				GCC_PREFIX_HEADER = "FlMusic/FlMusic-Prefix.pch";
				INFOPLIST_FILE = "FlMusic/FlMusic-Info.plist";
				PRODUCT_NAME = "$(TARGET_NAME)";
				WRAPPER_EXTENSION = app;
			};
			name = Debug;
		};
		B63BC1311882DC7D001CE891 /* Release */ = {
			isa = XCBuildConfiguration;
			buildSettings = {
				ASSETCATALOG_COMPILER_APPICON_NAME = AppIcon;
				ASSETCATALOG_COMPILER_LAUNCHIMAGE_NAME = LaunchImage;
				CODE_SIGN_IDENTITY = "iPhone Distribution: qingyong lan (2LBARJE5J9)";
				GCC_PRECOMPILE_PREFIX_HEADER = YES;
				GCC_PREFIX_HEADER = "FlMusic/FlMusic-Prefix.pch";
				INFOPLIST_FILE = "FlMusic/FlMusic-Info.plist";
				PRODUCT_NAME = "$(TARGET_NAME)";
				WRAPPER_EXTENSION = app;
			};
			name = Release;
		};
		B63BC1331882DC7D001CE891 /* Debug */ = {
			isa = XCBuildConfiguration;
			buildSettings = {
				ARCHS = "$(ARCHS_STANDARD_INCLUDING_64_BIT)";
				BUNDLE_LOADER = "$(BUILT_PRODUCTS_DIR)/FlMusic.app/FlMusic";
				FRAMEWORK_SEARCH_PATHS = (
					"$(SDKROOT)/Developer/Library/Frameworks",
					"$(inherited)",
					"$(DEVELOPER_FRAMEWORKS_DIR)",
				);
				GCC_PRECOMPILE_PREFIX_HEADER = YES;
				GCC_PREFIX_HEADER = "FlMusic/FlMusic-Prefix.pch";
				GCC_PREPROCESSOR_DEFINITIONS = (
					"DEBUG=1",
					"$(inherited)",
				);
				INFOPLIST_FILE = "FlMusicTests/FlMusicTests-Info.plist";
				PRODUCT_NAME = "$(TARGET_NAME)";
				TEST_HOST = "$(BUNDLE_LOADER)";
				WRAPPER_EXTENSION = xctest;
			};
			name = Debug;
		};
		B63BC1341882DC7D001CE891 /* Release */ = {
			isa = XCBuildConfiguration;
			buildSettings = {
				ARCHS = "$(ARCHS_STANDARD_INCLUDING_64_BIT)";
				BUNDLE_LOADER = "$(BUILT_PRODUCTS_DIR)/FlMusic.app/FlMusic";
				FRAMEWORK_SEARCH_PATHS = (
					"$(SDKROOT)/Developer/Library/Frameworks",
					"$(inherited)",
					"$(DEVELOPER_FRAMEWORKS_DIR)",
				);
				GCC_PRECOMPILE_PREFIX_HEADER = YES;
				GCC_PREFIX_HEADER = "FlMusic/FlMusic-Prefix.pch";
				INFOPLIST_FILE = "FlMusicTests/FlMusicTests-Info.plist";
				PRODUCT_NAME = "$(TARGET_NAME)";
				TEST_HOST = "$(BUNDLE_LOADER)";
				WRAPPER_EXTENSION = xctest;
			};
			name = Release;
		};
/* End XCBuildConfiguration section */

/* Begin XCConfigurationList section */
		B63BC0FE1882DC7D001CE891 /* Build configuration list for PBXProject "FlMusic" */ = {
			isa = XCConfigurationList;
			buildConfigurations = (
				B63BC12D1882DC7D001CE891 /* Debug */,
				B63BC12E1882DC7D001CE891 /* Release */,
			);
			defaultConfigurationIsVisible = 0;
			defaultConfigurationName = Release;
		};
		B63BC12F1882DC7D001CE891 /* Build configuration list for PBXNativeTarget "FlMusic" */ = {
			isa = XCConfigurationList;
			buildConfigurations = (
				B63BC1301882DC7D001CE891 /* Debug */,
				B63BC1311882DC7D001CE891 /* Release */,
			);
			defaultConfigurationIsVisible = 0;
			defaultConfigurationName = Release;
		};
		B63BC1321882DC7D001CE891 /* Build configuration list for PBXNativeTarget "FlMusicTests" */ = {
			isa = XCConfigurationList;
			buildConfigurations = (
				B63BC1331882DC7D001CE891 /* Debug */,
				B63BC1341882DC7D001CE891 /* Release */,
			);
			defaultConfigurationIsVisible = 0;
			defaultConfigurationName = Release;
		};
/* End XCConfigurationList section */
	};
	rootObject = B63BC0FB1882DC7D001CE891 /* Project object */;
}
